
Microsoft Visual Studio Solution File, Format Version 12.00
# Visual Studio Version 16
VisualStudioVersion = 16.0.31402.337
MinimumVisualStudioVersion = 10.0.40219.1
Project("{9A19103F-16F7-4668-BE54-9A1E7A4F7556}") = "Quick.Order.AppCore", "Quick.Order.AppCore\Quick.Order.AppCore.csproj", "{B4D7F510-30F8-4E27-8D9B-12F7765DEC66}"
EndProject
Project("{9A19103F-16F7-4668-BE54-9A1E7A4F7556}") = "Quick.Order.Shared.Infrastructure", "Quick.Order.Shared.Infrastructure\Quick.Order.Shared.Infrastructure.csproj", "{68AAB2C9-61E1-49A8-943E-AF09AA9D431A}"
EndProject
Project("{FAE04EC0-301F-11D3-BF4B-00C04F79EFBC}") = "Quick.Order.Native.Android", "Quick.Order.Native\Quick.Order.Native.Android\Quick.Order.Native.Android.csproj", "{7B853328-CDC2-41FE-BF81-9405685DE867}"
EndProject
Project("{FAE04EC0-301F-11D3-BF4B-00C04F79EFBC}") = "Quick.Order.Native.iOS", "Quick.Order.Native\Quick.Order.Native.iOS\Quick.Order.Native.iOS.csproj", "{3FC795AD-F924-4729-AB65-3FC3933C1FAC}"
EndProject
Project("{9A19103F-16F7-4668-BE54-9A1E7A4F7556}") = "Quick.Order.Native", "Quick.Order.Native\Quick.Order.Native\Quick.Order.Native.csproj", "{ABE53B1C-84DC-4AAD-B167-E272FC73CC9A}"
EndProject
Project("{9A19103F-16F7-4668-BE54-9A1E7A4F7556}") = "MalikBerkane.MvvmToolkit", "MalikBerkane.MvvmToolkit\MalikBerkane.MvvmToolkit.csproj", "{0164B132-5D30-474A-B1B1-0BC59E970CC0}"
EndProject
Project("{FAE04EC0-301F-11D3-BF4B-00C04F79EFBC}") = "Quick.Order.Native.UWP", "Quick.Order.Native\Quick.Order.Native.UWP\Quick.Order.Native.UWP.csproj", "{9B7521C5-A392-4DA5-9734-10606BFE5727}"
EndProject
Global
	GlobalSection(SolutionConfigurationPlatforms) = preSolution
		Debug|Any CPU = Debug|Any CPU
		Debug|ARM = Debug|ARM
		Debug|ARM64 = Debug|ARM64
		Debug|iPhone = Debug|iPhone
		Debug|iPhoneSimulator = Debug|iPhoneSimulator
		Debug|x64 = Debug|x64
		Debug|x86 = Debug|x86
		Release|Any CPU = Release|Any CPU
		Release|ARM = Release|ARM
		Release|ARM64 = Release|ARM64
		Release|iPhone = Release|iPhone
		Release|iPhoneSimulator = Release|iPhoneSimulator
		Release|x64 = Release|x64
		Release|x86 = Release|x86
	EndGlobalSection
	GlobalSection(ProjectConfigurationPlatforms) = postSolution
		{B4D7F510-30F8-4E27-8D9B-12F7765DEC66}.Debug|Any CPU.ActiveCfg = Debug|Any CPU
		{B4D7F510-30F8-4E27-8D9B-12F7765DEC66}.Debug|Any CPU.Build.0 = Debug|Any CPU
		{B4D7F510-30F8-4E27-8D9B-12F7765DEC66}.Debug|ARM.ActiveCfg = Debug|Any CPU
		{B4D7F510-30F8-4E27-8D9B-12F7765DEC66}.Debug|ARM.Build.0 = Debug|Any CPU
		{B4D7F510-30F8-4E27-8D9B-12F7765DEC66}.Debug|ARM64.ActiveCfg = Debug|Any CPU
		{B4D7F510-30F8-4E27-8D9B-12F7765DEC66}.Debug|ARM64.Build.0 = Debug|Any CPU
		{B4D7F510-30F8-4E27-8D9B-12F7765DEC66}.Debug|iPhone.ActiveCfg = Debug|Any CPU
		{B4D7F510-30F8-4E27-8D9B-12F7765DEC66}.Debug|iPhone.Build.0 = Debug|Any CPU
		{B4D7F510-30F8-4E27-8D9B-12F7765DEC66}.Debug|iPhoneSimulator.ActiveCfg = Debug|Any CPU
		{B4D7F510-30F8-4E27-8D9B-12F7765DEC66}.Debug|iPhoneSimulator.Build.0 = Debug|Any CPU
		{B4D7F510-30F8-4E27-8D9B-12F7765DEC66}.Debug|x64.ActiveCfg = Debug|Any CPU
		{B4D7F510-30F8-4E27-8D9B-12F7765DEC66}.Debug|x64.Build.0 = Debug|Any CPU
		{B4D7F510-30F8-4E27-8D9B-12F7765DEC66}.Debug|x86.ActiveCfg = Debug|Any CPU
		{B4D7F510-30F8-4E27-8D9B-12F7765DEC66}.Debug|x86.Build.0 = Debug|Any CPU
		{B4D7F510-30F8-4E27-8D9B-12F7765DEC66}.Release|Any CPU.ActiveCfg = Release|Any CPU
		{B4D7F510-30F8-4E27-8D9B-12F7765DEC66}.Release|Any CPU.Build.0 = Release|Any CPU
		{B4D7F510-30F8-4E27-8D9B-12F7765DEC66}.Release|ARM.ActiveCfg = Release|Any CPU
		{B4D7F510-30F8-4E27-8D9B-12F7765DEC66}.Release|ARM.Build.0 = Release|Any CPU
		{B4D7F510-30F8-4E27-8D9B-12F7765DEC66}.Release|ARM64.ActiveCfg = Release|Any CPU
		{B4D7F510-30F8-4E27-8D9B-12F7765DEC66}.Release|ARM64.Build.0 = Release|Any CPU
		{B4D7F510-30F8-4E27-8D9B-12F7765DEC66}.Release|iPhone.ActiveCfg = Release|Any CPU
		{B4D7F510-30F8-4E27-8D9B-12F7765DEC66}.Release|iPhone.Build.0 = Release|Any CPU
		{B4D7F510-30F8-4E27-8D9B-12F7765DEC66}.Release|iPhoneSimulator.ActiveCfg = Release|Any CPU
		{B4D7F510-30F8-4E27-8D9B-12F7765DEC66}.Release|iPhoneSimulator.Build.0 = Release|Any CPU
		{B4D7F510-30F8-4E27-8D9B-12F7765DEC66}.Release|x64.ActiveCfg = Release|Any CPU
		{B4D7F510-30F8-4E27-8D9B-12F7765DEC66}.Release|x64.Build.0 = Release|Any CPU
		{B4D7F510-30F8-4E27-8D9B-12F7765DEC66}.Release|x86.ActiveCfg = Release|Any CPU
		{B4D7F510-30F8-4E27-8D9B-12F7765DEC66}.Release|x86.Build.0 = Release|Any CPU
		{68AAB2C9-61E1-49A8-943E-AF09AA9D431A}.Debug|Any CPU.ActiveCfg = Debug|Any CPU
		{68AAB2C9-61E1-49A8-943E-AF09AA9D431A}.Debug|Any CPU.Build.0 = Debug|Any CPU
		{68AAB2C9-61E1-49A8-943E-AF09AA9D431A}.Debug|ARM.ActiveCfg = Debug|Any CPU
		{68AAB2C9-61E1-49A8-943E-AF09AA9D431A}.Debug|ARM.Build.0 = Debug|Any CPU
		{68AAB2C9-61E1-49A8-943E-AF09AA9D431A}.Debug|ARM64.ActiveCfg = Debug|Any CPU
		{68AAB2C9-61E1-49A8-943E-AF09AA9D431A}.Debug|ARM64.Build.0 = Debug|Any CPU
		{68AAB2C9-61E1-49A8-943E-AF09AA9D431A}.Debug|iPhone.ActiveCfg = Debug|Any CPU
		{68AAB2C9-61E1-49A8-943E-AF09AA9D431A}.Debug|iPhone.Build.0 = Debug|Any CPU
		{68AAB2C9-61E1-49A8-943E-AF09AA9D431A}.Debug|iPhoneSimulator.ActiveCfg = Debug|Any CPU
		{68AAB2C9-61E1-49A8-943E-AF09AA9D431A}.Debug|iPhoneSimulator.Build.0 = Debug|Any CPU
		{68AAB2C9-61E1-49A8-943E-AF09AA9D431A}.Debug|x64.ActiveCfg = Debug|Any CPU
		{68AAB2C9-61E1-49A8-943E-AF09AA9D431A}.Debug|x64.Build.0 = Debug|Any CPU
		{68AAB2C9-61E1-49A8-943E-AF09AA9D431A}.Debug|x86.ActiveCfg = Debug|Any CPU
		{68AAB2C9-61E1-49A8-943E-AF09AA9D431A}.Debug|x86.Build.0 = Debug|Any CPU
		{68AAB2C9-61E1-49A8-943E-AF09AA9D431A}.Release|Any CPU.ActiveCfg = Release|Any CPU
		{68AAB2C9-61E1-49A8-943E-AF09AA9D431A}.Release|Any CPU.Build.0 = Release|Any CPU
		{68AAB2C9-61E1-49A8-943E-AF09AA9D431A}.Release|ARM.ActiveCfg = Release|Any CPU
		{68AAB2C9-61E1-49A8-943E-AF09AA9D431A}.Release|ARM.Build.0 = Release|Any CPU
		{68AAB2C9-61E1-49A8-943E-AF09AA9D431A}.Release|ARM64.ActiveCfg = Release|Any CPU
		{68AAB2C9-61E1-49A8-943E-AF09AA9D431A}.Release|ARM64.Build.0 = Release|Any CPU
		{68AAB2C9-61E1-49A8-943E-AF09AA9D431A}.Release|iPhone.ActiveCfg = Release|Any CPU
		{68AAB2C9-61E1-49A8-943E-AF09AA9D431A}.Release|iPhone.Build.0 = Release|Any CPU
		{68AAB2C9-61E1-49A8-943E-AF09AA9D431A}.Release|iPhoneSimulator.ActiveCfg = Release|Any CPU
		{68AAB2C9-61E1-49A8-943E-AF09AA9D431A}.Release|iPhoneSimulator.Build.0 = Release|Any CPU
		{68AAB2C9-61E1-49A8-943E-AF09AA9D431A}.Release|x64.ActiveCfg = Release|Any CPU
		{68AAB2C9-61E1-49A8-943E-AF09AA9D431A}.Release|x64.Build.0 = Release|Any CPU
		{68AAB2C9-61E1-49A8-943E-AF09AA9D431A}.Release|x86.ActiveCfg = Release|Any CPU
		{68AAB2C9-61E1-49A8-943E-AF09AA9D431A}.Release|x86.Build.0 = Release|Any CPU
		{7B853328-CDC2-41FE-BF81-9405685DE867}.Debug|Any CPU.ActiveCfg = Debug|Any CPU
		{7B853328-CDC2-41FE-BF81-9405685DE867}.Debug|Any CPU.Build.0 = Debug|Any CPU
		{7B853328-CDC2-41FE-BF81-9405685DE867}.Debug|Any CPU.Deploy.0 = Debug|Any CPU
		{7B853328-CDC2-41FE-BF81-9405685DE867}.Debug|ARM.ActiveCfg = Debug|Any CPU
		{7B853328-CDC2-41FE-BF81-9405685DE867}.Debug|ARM.Build.0 = Debug|Any CPU
		{7B853328-CDC2-41FE-BF81-9405685DE867}.Debug|ARM.Deploy.0 = Debug|Any CPU
		{7B853328-CDC2-41FE-BF81-9405685DE867}.Debug|ARM64.ActiveCfg = Debug|Any CPU
		{7B853328-CDC2-41FE-BF81-9405685DE867}.Debug|ARM64.Build.0 = Debug|Any CPU
		{7B853328-CDC2-41FE-BF81-9405685DE867}.Debug|ARM64.Deploy.0 = Debug|Any CPU
		{7B853328-CDC2-41FE-BF81-9405685DE867}.Debug|iPhone.ActiveCfg = Debug|Any CPU
		{7B853328-CDC2-41FE-BF81-9405685DE867}.Debug|iPhone.Build.0 = Debug|Any CPU
		{7B853328-CDC2-41FE-BF81-9405685DE867}.Debug|iPhone.Deploy.0 = Debug|Any CPU
		{7B853328-CDC2-41FE-BF81-9405685DE867}.Debug|iPhoneSimulator.ActiveCfg = Debug|Any CPU
		{7B853328-CDC2-41FE-BF81-9405685DE867}.Debug|iPhoneSimulator.Build.0 = Debug|Any CPU
		{7B853328-CDC2-41FE-BF81-9405685DE867}.Debug|iPhoneSimulator.Deploy.0 = Debug|Any CPU
		{7B853328-CDC2-41FE-BF81-9405685DE867}.Debug|x64.ActiveCfg = Debug|Any CPU
		{7B853328-CDC2-41FE-BF81-9405685DE867}.Debug|x64.Build.0 = Debug|Any CPU
		{7B853328-CDC2-41FE-BF81-9405685DE867}.Debug|x64.Deploy.0 = Debug|Any CPU
		{7B853328-CDC2-41FE-BF81-9405685DE867}.Debug|x86.ActiveCfg = Debug|Any CPU
		{7B853328-CDC2-41FE-BF81-9405685DE867}.Debug|x86.Build.0 = Debug|Any CPU
		{7B853328-CDC2-41FE-BF81-9405685DE867}.Debug|x86.Deploy.0 = Debug|Any CPU
		{7B853328-CDC2-41FE-BF81-9405685DE867}.Release|Any CPU.ActiveCfg = Release|Any CPU
		{7B853328-CDC2-41FE-BF81-9405685DE867}.Release|Any CPU.Build.0 = Release|Any CPU
		{7B853328-CDC2-41FE-BF81-9405685DE867}.Release|Any CPU.Deploy.0 = Release|Any CPU
		{7B853328-CDC2-41FE-BF81-9405685DE867}.Release|ARM.ActiveCfg = Release|Any CPU
		{7B853328-CDC2-41FE-BF81-9405685DE867}.Release|ARM.Build.0 = Release|Any CPU
		{7B853328-CDC2-41FE-BF81-9405685DE867}.Release|ARM.Deploy.0 = Release|Any CPU
		{7B853328-CDC2-41FE-BF81-9405685DE867}.Release|ARM64.ActiveCfg = Release|Any CPU
		{7B853328-CDC2-41FE-BF81-9405685DE867}.Release|ARM64.Build.0 = Release|Any CPU
		{7B853328-CDC2-41FE-BF81-9405685DE867}.Release|ARM64.Deploy.0 = Release|Any CPU
		{7B853328-CDC2-41FE-BF81-9405685DE867}.Release|iPhone.ActiveCfg = Release|Any CPU
		{7B853328-CDC2-41FE-BF81-9405685DE867}.Release|iPhone.Build.0 = Release|Any CPU
		{7B853328-CDC2-41FE-BF81-9405685DE867}.Release|iPhone.Deploy.0 = Release|Any CPU
		{7B853328-CDC2-41FE-BF81-9405685DE867}.Release|iPhoneSimulator.ActiveCfg = Release|Any CPU
		{7B853328-CDC2-41FE-BF81-9405685DE867}.Release|iPhoneSimulator.Build.0 = Release|Any CPU
		{7B853328-CDC2-41FE-BF81-9405685DE867}.Release|iPhoneSimulator.Deploy.0 = Release|Any CPU
		{7B853328-CDC2-41FE-BF81-9405685DE867}.Release|x64.ActiveCfg = Release|Any CPU
		{7B853328-CDC2-41FE-BF81-9405685DE867}.Release|x64.Build.0 = Release|Any CPU
		{7B853328-CDC2-41FE-BF81-9405685DE867}.Release|x64.Deploy.0 = Release|Any CPU
		{7B853328-CDC2-41FE-BF81-9405685DE867}.Release|x86.ActiveCfg = Release|Any CPU
		{7B853328-CDC2-41FE-BF81-9405685DE867}.Release|x86.Build.0 = Release|Any CPU
		{7B853328-CDC2-41FE-BF81-9405685DE867}.Release|x86.Deploy.0 = Release|Any CPU
		{3FC795AD-F924-4729-AB65-3FC3933C1FAC}.Debug|Any CPU.ActiveCfg = Debug|iPhoneSimulator
		{3FC795AD-F924-4729-AB65-3FC3933C1FAC}.Debug|ARM.ActiveCfg = Debug|iPhone
		{3FC795AD-F924-4729-AB65-3FC3933C1FAC}.Debug|ARM64.ActiveCfg = Debug|iPhone
		{3FC795AD-F924-4729-AB65-3FC3933C1FAC}.Debug|iPhone.ActiveCfg = Debug|iPhone
		{3FC795AD-F924-4729-AB65-3FC3933C1FAC}.Debug|iPhone.Build.0 = Debug|iPhone
		{3FC795AD-F924-4729-AB65-3FC3933C1FAC}.Debug|iPhoneSimulator.ActiveCfg = Debug|iPhoneSimulator
		{3FC795AD-F924-4729-AB65-3FC3933C1FAC}.Debug|iPhoneSimulator.Build.0 = Debug|iPhoneSimulator
		{3FC795AD-F924-4729-AB65-3FC3933C1FAC}.Debug|x64.ActiveCfg = Debug|iPhone
		{3FC795AD-F924-4729-AB65-3FC3933C1FAC}.Debug|x86.ActiveCfg = Debug|iPhone
		{3FC795AD-F924-4729-AB65-3FC3933C1FAC}.Release|Any CPU.ActiveCfg = Release|iPhoneSimulator
		{3FC795AD-F924-4729-AB65-3FC3933C1FAC}.Release|ARM.ActiveCfg = Release|iPhone
		{3FC795AD-F924-4729-AB65-3FC3933C1FAC}.Release|ARM64.ActiveCfg = Release|iPhone
		{3FC795AD-F924-4729-AB65-3FC3933C1FAC}.Release|iPhone.ActiveCfg = Release|iPhone
		{3FC795AD-F924-4729-AB65-3FC3933C1FAC}.Release|iPhone.Build.0 = Release|iPhone
		{3FC795AD-F924-4729-AB65-3FC3933C1FAC}.Release|iPhoneSimulator.ActiveCfg = Release|iPhoneSimulator
		{3FC795AD-F924-4729-AB65-3FC3933C1FAC}.Release|iPhoneSimulator.Build.0 = Release|iPhoneSimulator
		{3FC795AD-F924-4729-AB65-3FC3933C1FAC}.Release|x64.ActiveCfg = Release|iPhone
		{3FC795AD-F924-4729-AB65-3FC3933C1FAC}.Release|x86.ActiveCfg = Release|iPhone
		{ABE53B1C-84DC-4AAD-B167-E272FC73CC9A}.Debug|Any CPU.ActiveCfg = Debug|Any CPU
		{ABE53B1C-84DC-4AAD-B167-E272FC73CC9A}.Debug|Any CPU.Build.0 = Debug|Any CPU
		{ABE53B1C-84DC-4AAD-B167-E272FC73CC9A}.Debug|ARM.ActiveCfg = Debug|Any CPU
		{ABE53B1C-84DC-4AAD-B167-E272FC73CC9A}.Debug|ARM.Build.0 = Debug|Any CPU
		{ABE53B1C-84DC-4AAD-B167-E272FC73CC9A}.Debug|ARM64.ActiveCfg = Debug|Any CPU
		{ABE53B1C-84DC-4AAD-B167-E272FC73CC9A}.Debug|ARM64.Build.0 = Debug|Any CPU
		{ABE53B1C-84DC-4AAD-B167-E272FC73CC9A}.Debug|iPhone.ActiveCfg = Debug|Any CPU
		{ABE53B1C-84DC-4AAD-B167-E272FC73CC9A}.Debug|iPhone.Build.0 = Debug|Any CPU
		{ABE53B1C-84DC-4AAD-B167-E272FC73CC9A}.Debug|iPhoneSimulator.ActiveCfg = Debug|Any CPU
		{ABE53B1C-84DC-4AAD-B167-E272FC73CC9A}.Debug|iPhoneSimulator.Build.0 = Debug|Any CPU
		{ABE53B1C-84DC-4AAD-B167-E272FC73CC9A}.Debug|x64.ActiveCfg = Debug|Any CPU
		{ABE53B1C-84DC-4AAD-B167-E272FC73CC9A}.Debug|x64.Build.0 = Debug|Any CPU
		{ABE53B1C-84DC-4AAD-B167-E272FC73CC9A}.Debug|x86.ActiveCfg = Debug|Any CPU
		{ABE53B1C-84DC-4AAD-B167-E272FC73CC9A}.Debug|x86.Build.0 = Debug|Any CPU
		{ABE53B1C-84DC-4AAD-B167-E272FC73CC9A}.Release|Any CPU.ActiveCfg = Release|Any CPU
		{ABE53B1C-84DC-4AAD-B167-E272FC73CC9A}.Release|Any CPU.Build.0 = Release|Any CPU
		{ABE53B1C-84DC-4AAD-B167-E272FC73CC9A}.Release|ARM.ActiveCfg = Release|Any CPU
		{ABE53B1C-84DC-4AAD-B167-E272FC73CC9A}.Release|ARM.Build.0 = Release|Any CPU
		{ABE53B1C-84DC-4AAD-B167-E272FC73CC9A}.Release|ARM64.ActiveCfg = Release|Any CPU
		{ABE53B1C-84DC-4AAD-B167-E272FC73CC9A}.Release|ARM64.Build.0 = Release|Any CPU
		{ABE53B1C-84DC-4AAD-B167-E272FC73CC9A}.Release|iPhone.ActiveCfg = Release|Any CPU
		{ABE53B1C-84DC-4AAD-B167-E272FC73CC9A}.Release|iPhone.Build.0 = Release|Any CPU
		{ABE53B1C-84DC-4AAD-B167-E272FC73CC9A}.Release|iPhoneSimulator.ActiveCfg = Release|Any CPU
		{ABE53B1C-84DC-4AAD-B167-E272FC73CC9A}.Release|iPhoneSimulator.Build.0 = Release|Any CPU
		{ABE53B1C-84DC-4AAD-B167-E272FC73CC9A}.Release|x64.ActiveCfg = Release|Any CPU
		{ABE53B1C-84DC-4AAD-B167-E272FC73CC9A}.Release|x64.Build.0 = Release|Any CPU
		{ABE53B1C-84DC-4AAD-B167-E272FC73CC9A}.Release|x86.ActiveCfg = Release|Any CPU
		{ABE53B1C-84DC-4AAD-B167-E272FC73CC9A}.Release|x86.Build.0 = Release|Any CPU
		{0164B132-5D30-474A-B1B1-0BC59E970CC0}.Debug|Any CPU.ActiveCfg = Debug|Any CPU
		{0164B132-5D30-474A-B1B1-0BC59E970CC0}.Debug|Any CPU.Build.0 = Debug|Any CPU
		{0164B132-5D30-474A-B1B1-0BC59E970CC0}.Debug|ARM.ActiveCfg = Debug|Any CPU
		{0164B132-5D30-474A-B1B1-0BC59E970CC0}.Debug|ARM.Build.0 = Debug|Any CPU
		{0164B132-5D30-474A-B1B1-0BC59E970CC0}.Debug|ARM64.ActiveCfg = Debug|Any CPU
		{0164B132-5D30-474A-B1B1-0BC59E970CC0}.Debug|ARM64.Build.0 = Debug|Any CPU
		{0164B132-5D30-474A-B1B1-0BC59E970CC0}.Debug|iPhone.ActiveCfg = Debug|Any CPU
		{0164B132-5D30-474A-B1B1-0BC59E970CC0}.Debug|iPhone.Build.0 = Debug|Any CPU
		{0164B132-5D30-474A-B1B1-0BC59E970CC0}.Debug|iPhoneSimulator.ActiveCfg = Debug|Any CPU
		{0164B132-5D30-474A-B1B1-0BC59E970CC0}.Debug|iPhoneSimulator.Build.0 = Debug|Any CPU
		{0164B132-5D30-474A-B1B1-0BC59E970CC0}.Debug|x64.ActiveCfg = Debug|Any CPU
		{0164B132-5D30-474A-B1B1-0BC59E970CC0}.Debug|x64.Build.0 = Debug|Any CPU
		{0164B132-5D30-474A-B1B1-0BC59E970CC0}.Debug|x86.ActiveCfg = Debug|Any CPU
		{0164B132-5D30-474A-B1B1-0BC59E970CC0}.Debug|x86.Build.0 = Debug|Any CPU
		{0164B132-5D30-474A-B1B1-0BC59E970CC0}.Release|Any CPU.ActiveCfg = Release|Any CPU
		{0164B132-5D30-474A-B1B1-0BC59E970CC0}.Release|Any CPU.Build.0 = Release|Any CPU
		{0164B132-5D30-474A-B1B1-0BC59E970CC0}.Release|ARM.ActiveCfg = Release|Any CPU
		{0164B132-5D30-474A-B1B1-0BC59E970CC0}.Release|ARM.Build.0 = Release|Any CPU
		{0164B132-5D30-474A-B1B1-0BC59E970CC0}.Release|ARM64.ActiveCfg = Release|Any CPU
		{0164B132-5D30-474A-B1B1-0BC59E970CC0}.Release|ARM64.Build.0 = Release|Any CPU
		{0164B132-5D30-474A-B1B1-0BC59E970CC0}.Release|iPhone.ActiveCfg = Release|Any CPU
		{0164B132-5D30-474A-B1B1-0BC59E970CC0}.Release|iPhone.Build.0 = Release|Any CPU
		{0164B132-5D30-474A-B1B1-0BC59E970CC0}.Release|iPhoneSimulator.ActiveCfg = Release|Any CPU
		{0164B132-5D30-474A-B1B1-0BC59E970CC0}.Release|iPhoneSimulator.Build.0 = Release|Any CPU
		{0164B132-5D30-474A-B1B1-0BC59E970CC0}.Release|x64.ActiveCfg = Release|Any CPU
		{0164B132-5D30-474A-B1B1-0BC59E970CC0}.Release|x64.Build.0 = Release|Any CPU
		{0164B132-5D30-474A-B1B1-0BC59E970CC0}.Release|x86.ActiveCfg = Release|Any CPU
		{0164B132-5D30-474A-B1B1-0BC59E970CC0}.Release|x86.Build.0 = Release|Any CPU
		{9B7521C5-A392-4DA5-9734-10606BFE5727}.Debug|Any CPU.ActiveCfg = Debug|x86
		{9B7521C5-A392-4DA5-9734-10606BFE5727}.Debug|Any CPU.Deploy.0 = Debug|x86
		{9B7521C5-A392-4DA5-9734-10606BFE5727}.Debug|ARM.ActiveCfg = Debug|ARM
		{9B7521C5-A392-4DA5-9734-10606BFE5727}.Debug|ARM.Build.0 = Debug|ARM
		{9B7521C5-A392-4DA5-9734-10606BFE5727}.Debug|ARM.Deploy.0 = Debug|ARM
		{9B7521C5-A392-4DA5-9734-10606BFE5727}.Debug|ARM64.ActiveCfg = Debug|ARM64
		{9B7521C5-A392-4DA5-9734-10606BFE5727}.Debug|ARM64.Build.0 = Debug|ARM64
		{9B7521C5-A392-4DA5-9734-10606BFE5727}.Debug|ARM64.Deploy.0 = Debug|ARM64
		{9B7521C5-A392-4DA5-9734-10606BFE5727}.Debug|iPhone.ActiveCfg = Debug|x86
		{9B7521C5-A392-4DA5-9734-10606BFE5727}.Debug|iPhoneSimulator.ActiveCfg = Debug|x86
		{9B7521C5-A392-4DA5-9734-10606BFE5727}.Debug|x64.ActiveCfg = Debug|x64
		{9B7521C5-A392-4DA5-9734-10606BFE5727}.Debug|x64.Build.0 = Debug|x64
		{9B7521C5-A392-4DA5-9734-10606BFE5727}.Debug|x64.Deploy.0 = Debug|x64
		{9B7521C5-A392-4DA5-9734-10606BFE5727}.Debug|x86.ActiveCfg = Debug|x86
		{9B7521C5-A392-4DA5-9734-10606BFE5727}.Debug|x86.Build.0 = Debug|x86
		{9B7521C5-A392-4DA5-9734-10606BFE5727}.Debug|x86.Deploy.0 = Debug|x86
		{9B7521C5-A392-4DA5-9734-10606BFE5727}.Release|Any CPU.ActiveCfg = Release|x86
		{9B7521C5-A392-4DA5-9734-10606BFE5727}.Release|ARM.ActiveCfg = Release|ARM
		{9B7521C5-A392-4DA5-9734-10606BFE5727}.Release|ARM.Build.0 = Release|ARM
		{9B7521C5-A392-4DA5-9734-10606BFE5727}.Release|ARM.Deploy.0 = Release|ARM
		{9B7521C5-A392-4DA5-9734-10606BFE5727}.Release|ARM64.ActiveCfg = Release|ARM64
		{9B7521C5-A392-4DA5-9734-10606BFE5727}.Release|ARM64.Build.0 = Release|ARM64
		{9B7521C5-A392-4DA5-9734-10606BFE5727}.Release|ARM64.Deploy.0 = Release|ARM64
		{9B7521C5-A392-4DA5-9734-10606BFE5727}.Release|iPhone.ActiveCfg = Release|x86
		{9B7521C5-A392-4DA5-9734-10606BFE5727}.Release|iPhoneSimulator.ActiveCfg = Release|x86
		{9B7521C5-A392-4DA5-9734-10606BFE5727}.Release|x64.ActiveCfg = Release|x64
		{9B7521C5-A392-4DA5-9734-10606BFE5727}.Release|x64.Build.0 = Release|x64
		{9B7521C5-A392-4DA5-9734-10606BFE5727}.Release|x64.Deploy.0 = Release|x64
		{9B7521C5-A392-4DA5-9734-10606BFE5727}.Release|x86.ActiveCfg = Release|x86
		{9B7521C5-A392-4DA5-9734-10606BFE5727}.Release|x86.Build.0 = Release|x86
		{9B7521C5-A392-4DA5-9734-10606BFE5727}.Release|x86.Deploy.0 = Release|x86
	EndGlobalSection
	GlobalSection(SolutionProperties) = preSolution
		HideSolutionNode = FALSE
	EndGlobalSection
	GlobalSection(ExtensibilityGlobals) = postSolution
		SolutionGuid = {59E689E1-EEC5-4518-AD21-02CF8DF421D8}
	EndGlobalSection
EndGlobal
